
Microsoft Visual Studio Solution File, Format Version 12.00
# Visual Studio Version 17
Project("{2150E333-8FDC-42A3-9474-1A3956D46DE8}") = "CMakePredefinedTargets", "CMakePredefinedTargets", "{6B561606-A411-3C8F-94B8-0B050F6A7996}"
EndProject
Project("{2150E333-8FDC-42A3-9474-1A3956D46DE8}") = "ExternalProjectTargets", "ExternalProjectTargets", "{B6D38035-0B27-32DA-95F6-284F66E795E4}"
EndProject
Project("{2150E333-8FDC-42A3-9474-1A3956D46DE8}") = "slang_sdk-populate", "ExternalProjectTargets\slang_sdk-populate", "{3BC43A4A-ED81-3CBA-BC8C-E6FADAE73086}"
EndProject
Project("{8BC9CEB8-8B4A-11D0-8D11-00A0C91BC942}") = "ALL_BUILD", "ALL_BUILD.vcxproj", "{3A9B35E1-9494-3349-B38B-E3C9D7161D9E}"
	ProjectSection(ProjectDependencies) = postProject
		{4820D345-2662-3D72-8DF6-7370F0754FFB} = {4820D345-2662-3D72-8DF6-7370F0754FFB}
		{CC308AFE-7C87-3259-AEB5-340B0EF2BE92} = {CC308AFE-7C87-3259-AEB5-340B0EF2BE92}
	EndProjectSection
EndProject
Project("{8BC9CEB8-8B4A-11D0-8D11-00A0C91BC942}") = "ZERO_CHECK", "ZERO_CHECK.vcxproj", "{4820D345-2662-3D72-8DF6-7370F0754FFB}"
	ProjectSection(ProjectDependencies) = postProject
	EndProjectSection
EndProject
Project("{8BC9CEB8-8B4A-11D0-8D11-00A0C91BC942}") = "slang_sdk-populate", "slang_sdk-populate.vcxproj", "{CC308AFE-7C87-3259-AEB5-340B0EF2BE92}"
	ProjectSection(ProjectDependencies) = postProject
		{4820D345-2662-3D72-8DF6-7370F0754FFB} = {4820D345-2662-3D72-8DF6-7370F0754FFB}
	EndProjectSection
EndProject
Global
	GlobalSection(SolutionConfigurationPlatforms) = preSolution
		Debug|x64 = Debug|x64
	EndGlobalSection
	GlobalSection(ProjectConfigurationPlatforms) = postSolution
		{3A9B35E1-9494-3349-B38B-E3C9D7161D9E}.Debug|x64.ActiveCfg = Debug|x64
		{4820D345-2662-3D72-8DF6-7370F0754FFB}.Debug|x64.ActiveCfg = Debug|x64
		{4820D345-2662-3D72-8DF6-7370F0754FFB}.Debug|x64.Build.0 = Debug|x64
		{CC308AFE-7C87-3259-AEB5-340B0EF2BE92}.Debug|x64.ActiveCfg = Debug|x64
		{CC308AFE-7C87-3259-AEB5-340B0EF2BE92}.Debug|x64.Build.0 = Debug|x64
	EndGlobalSection
	GlobalSection(NestedProjects) = preSolution
		{3A9B35E1-9494-3349-B38B-E3C9D7161D9E} = {6B561606-A411-3C8F-94B8-0B050F6A7996}
		{4820D345-2662-3D72-8DF6-7370F0754FFB} = {6B561606-A411-3C8F-94B8-0B050F6A7996}
		{3BC43A4A-ED81-3CBA-BC8C-E6FADAE73086} = {B6D38035-0B27-32DA-95F6-284F66E795E4}
		{CC308AFE-7C87-3259-AEB5-340B0EF2BE92} = {3BC43A4A-ED81-3CBA-BC8C-E6FADAE73086}
	EndGlobalSection
	GlobalSection(ExtensibilityGlobals) = postSolution
		SolutionGuid = {96701A83-A3A9-3CAF-B692-AA7029990FFC}
	EndGlobalSection
	GlobalSection(ExtensibilityAddIns) = postSolution
	EndGlobalSection
EndGlobal
